
Microsoft Visual Studio Solution File, Format Version 11.00
# Visual Studio 2010
Project("{8BC9CEB8-8B4A-11D0-8D11-00A0C91BC942}") = "MFC_Training7_editbox", "MFC_Training7_editbox\MFC_Training7_editbox.vcxproj", "{65B81945-7BD6-42E6-A072-70DEF2A9014E}"
EndProject
Global
	GlobalSection(SolutionConfigurationPlatforms) = preSolution
		Debug|Win32 = Debug|Win32
		Release|Win32 = Release|Win32
	EndGlobalSection
	GlobalSection(ProjectConfigurationPlatforms) = postSolution
		{65B81945-7BD6-42E6-A072-70DEF2A9014E}.Debug|Win32.ActiveCfg = Debug|Win32
		{65B81945-7BD6-42E6-A072-70DEF2A9014E}.Debug|Win32.Build.0 = Debug|Win32
		{65B81945-7BD6-42E6-A072-70DEF2A9014E}.Release|Win32.ActiveCfg = Release|Win32
		{65B81945-7BD6-42E6-A072-70DEF2A9014E}.Release|Win32.Build.0 = Release|Win32
	EndGlobalSection
	GlobalSection(SolutionProperties) = preSolution
		HideSolutionNode = FALSE
	EndGlobalSection
EndGlobal
